
Microsoft Visual Studio Solution File, Format Version 12.00
# Visual Studio Version 17
VisualStudioVersion = 17.14.36623.8 d17.14
MinimumVisualStudioVersion = 10.0.40219.1
Project("{FAE04EC0-301F-11D3-BF4B-00C04F79EFBC}") = "Blazor-First", "Blazor-First.csproj", "{74CE61A7-3E9E-4F98-BAEE-50B789258024}"
EndProject
Global
	GlobalSection(SolutionConfigurationPlatforms) = preSolution
		Debug|Any CPU = Debug|Any CPU
		Release|Any CPU = Release|Any CPU
	EndGlobalSection
	GlobalSection(ProjectConfigurationPlatforms) = postSolution
		{74CE61A7-3E9E-4F98-BAEE-50B789258024}.Debug|Any CPU.ActiveCfg = Debug|Any CPU
		{74CE61A7-3E9E-4F98-BAEE-50B789258024}.Debug|Any CPU.Build.0 = Debug|Any CPU
		{74CE61A7-3E9E-4F98-BAEE-50B789258024}.Release|Any CPU.ActiveCfg = Release|Any CPU
		{74CE61A7-3E9E-4F98-BAEE-50B789258024}.Release|Any CPU.Build.0 = Release|Any CPU
	EndGlobalSection
	GlobalSection(SolutionProperties) = preSolution
		HideSolutionNode = FALSE
	EndGlobalSection
	GlobalSection(ExtensibilityGlobals) = postSolution
		SolutionGuid = {B15C30EC-E519-4379-B985-DEDE6A828552}
	EndGlobalSection
EndGlobal
